{
  "name": "@signageos/codestyle",
  "version": "0.0.11",
  "lockfileVersion": 1,
  "requires": true,
  "dependencies": {
    "eslint-plugin-unused-imports": {
      "version": "2.0.0",
      "resolved": "https://npm.signageos.io/eslint-plugin-unused-imports/-/eslint-plugin-unused-imports-2.0.0.tgz",
      "integrity": "sha512-3APeS/tQlTrFa167ThtP0Zm0vctjr4M44HMpeg1P4bK6wItarumq0Ma82xorMKdFsWpphQBlRPzw/pxiVELX1A==",
      "requires": {
        "eslint-rule-composer": "^0.3.0"
      }
    },
    "eslint-rule-composer": {
      "version": "0.3.0",
      "resolved": "https://npm.signageos.io/eslint-rule-composer/-/eslint-rule-composer-0.3.0.tgz",
      "integrity": "sha512-bt+Sh8CtDmn2OajxvNO+BX7Wn4CIWMpTRm3MaiKPCQcnnlm0CS2mhui6QaoeQugs+3Kj2ESKEEGJUdVafwhiCg=="
    }
  }
}
